Microsoft Visual Studio Solution File, Format Version 11.00
# Visual Studio 2008

Project("{F0E42BCE-F8EA-2671-F012-F91316B7B811}") = "0000GAME-master", "Assembly-CSharp.csproj", "{B38ABFD1-F1D4-26DB-4F16-BD3395268FEA}"
EndProject
Global
	GlobalSection(SolutionConfigurationPlatforms) = preSolution
		Debug|Any CPU = Debug|Any CPU
		Release|Any CPU = Release|Any CPU
	EndGlobalSection
	GlobalSection(ProjectConfigurationPlatforms) = postSolution
		{B38ABFD1-F1D4-26DB-4F16-BD3395268FEA}.Debug|Any CPU.ActiveCfg = Debug|Any CPU
		{B38ABFD1-F1D4-26DB-4F16-BD3395268FEA}.Debug|Any CPU.Build.0 = Debug|Any CPU
		{B38ABFD1-F1D4-26DB-4F16-BD3395268FEA}.Release|Any CPU.ActiveCfg = Release|Any CPU
		{B38ABFD1-F1D4-26DB-4F16-BD3395268FEA}.Release|Any CPU.Build.0 = Release|Any CPU
	EndGlobalSection
	GlobalSection(SolutionProperties) = preSolution
		HideSolutionNode = FALSE
	EndGlobalSection
	GlobalSection(MonoDevelopProperties) = preSolution
		StartupItem = Assembly-CSharp.csproj
	EndGlobalSection
EndGlobal
